// !$*UTF8*$!
{
	archiveVersion = 1;
	classes = {
	};
	objectVersion = 50;
	objects = {

/* Begin PBXBuildFile section */
		18FBFDD424D07A8900C9C0CF /* AppDelegate.swift in Sources */ = {isa = PBXBuildFile; fileRef = 18FBFDD324D07A8900C9C0CF /* AppDelegate.swift */; };
		18FBFDD624D07A8900C9C0CF /* SceneDelegate.swift in Sources */ = {isa = PBXBuildFile; fileRef = 18FBFDD524D07A8900C9C0CF /* SceneDelegate.swift */; };
		18FBFDD824D07A8900C9C0CF /* ViewController.swift in Sources */ = {isa = PBXBuildFile; fileRef = 18FBFDD724D07A8900C9C0CF /* ViewController.swift */; };
		18FBFDDB24D07A8900C9C0CF /* Main.storyboard in Resources */ = {isa = PBXBuildFile; fileRef = 18FBFDD924D07A8900C9C0CF /* Main.storyboard */; };
		18FBFDDE24D07A8900C9C0CF /* toDoListV2.xcdatamodeld in Sources */ = {isa = PBXBuildFile; fileRef = 18FBFDDC24D07A8900C9C0CF /* toDoListV2.xcdatamodeld */; };
		18FBFDE024D07A8B00C9C0CF /* Assets.xcassets in Resources */ = {isa = PBXBuildFile; fileRef = 18FBFDDF24D07A8B00C9C0CF /* Assets.xcassets */; };
		18FBFDE324D07A8B00C9C0CF /* LaunchScreen.storyboard in Resources */ = {isa = PBXBuildFile; fileRef = 18FBFDE124D07A8B00C9C0CF /* LaunchScreen.storyboard */; };
/* End PBXBuildFile section */

/* Begin PBXFileReference section */
		18FBFDD024D07A8900C9C0CF /* toDoListV2.app */ = {isa = PBXFileReference; explicitFileType = wrapper.application; includeInIndex = 0; path = toDoListV2.app; sourceTree = BUILT_PRODUCTS_DIR; };
		18FBFDD324D07A8900C9C0CF /* AppDelegate.swift */ = {isa = PBXFileReference; lastKnownFileType = sourcecode.swift; path = AppDelegate.swift; sourceTree = "<group>"; };
		18FBFDD524D07A8900C9C0CF /* SceneDelegate.swift */ = {isa = PBXFileReference; lastKnownFileType = sourcecode.swift; path = SceneDelegate.swift; sourceTree = "<group>"; };
		18FBFDD724D07A8900C9C0CF /* ViewController.swift */ = {isa = PBXFileReference; lastKnownFileType = sourcecode.swift; path = ViewController.swift; sourceTree = "<group>"; };
		18FBFDDA24D07A8900C9C0CF /* Base */ = {isa = PBXFileReference; lastKnownFileType = file.storyboard; name = Base; path = Base.lproj/Main.storyboard; sourceTree = "<group>"; };
		18FBFDDD24D07A8900C9C0CF /* toDoListV2.xcdatamodel */ = {isa = PBXFileReference; lastKnownFileType = wrapper.xcdatamodel; path = toDoListV2.xcdatamodel; sourceTree = "<group>"; };
		18FBFDDF24D07A8B00C9C0CF /* Assets.xcassets */ = {isa = PBXFileReference; lastKnownFileType = folder.assetcatalog; path = Assets.xcassets; sourceTree = "<group>"; };
		18FBFDE224D07A8B00C9C0CF /* Base */ = {isa = PBXFileReference; lastKnownFileType = file.storyboard; name = Base; path = Base.lproj/LaunchScreen.storyboard; sourceTree = "<group>"; };
		18FBFDE424D07A8B00C9C0CF /* Info.plist */ = {isa = PBXFileReference; lastKnownFileType = text.plist.xml; path = Info.plist; sourceTree = "<group>"; };
/* End PBXFileReference section */

/* Begin PBXFrameworksBuildPhase section */
		18FBFDCD24D07A8900C9C0CF /* Frameworks */ = {
			isa = PBXFrameworksBuildPhase;
			buildActionMask = 2147483647;
			files = (
			);
			runOnlyForDeploymentPostprocessing = 0;
		};
/* End PBXFrameworksBuildPhase section */

/* Begin PBXGroup section */
		18FBFDC724D07A8900C9C0CF = {
			isa = PBXGroup;
			children = (
				18FBFDD224D07A8900C9C0CF /* toDoListV2 */,
				18FBFDD124D07A8900C9C0CF /* Products */,
			);
			sourceTree = "<group>";
		};
		18FBFDD124D07A8900C9C0CF /* Products */ = {
			isa = PBXGroup;
			children = (
				18FBFDD024D07A8900C9C0CF /* toDoListV2.app */,
			);
			name = Products;
			sourceTree = "<group>";
		};
		18FBFDD224D07A8900C9C0CF /* toDoListV2 */ = {
			isa = PBXGroup;
			children = (
				18FBFDD324D07A8900C9C0CF /* AppDelegate.swift */,
				18FBFDD524D07A8900C9C0CF /* SceneDelegate.swift */,
				18FBFDD724D07A8900C9C0CF /* ViewController.swift */,
				18FBFDD924D07A8900C9C0CF /* Main.storyboard */,
				18FBFDDF24D07A8B00C9C0CF /* Assets.xcassets */,
				18FBFDE124D07A8B00C9C0CF /* LaunchScreen.storyboard */,
				18FBFDE424D07A8B00C9C0CF /* Info.plist */,
				18FBFDDC24D07A8900C9C0CF /* toDoListV2.xcdatamodeld */,
			);
			path = toDoListV2;
			sourceTree = "<group>";
		};
/* End PBXGroup section */

/* Begin PBXNativeTarget section */
		18FBFDCF24D07A8900C9C0CF /* toDoListV2 */ = {
			isa = PBXNativeTarget;
			buildConfigurationList = 18FBFDE724D07A8B00C9C0CF /* Build configuration list for PBXNativeTarget "toDoListV2" */;
			buildPhases = (
				18FBFDCC24D07A8900C9C0CF /* Sources */,
				18FBFDCD24D07A8900C9C0CF /* Frameworks */,
				18FBFDCE24D07A8900C9C0CF /* Resources */,
			);
			buildRules = (
			);
			dependencies = (
			);
			name = toDoListV2;
			productName = toDoListV2;
			productReference = 18FBFDD024D07A8900C9C0CF /* toDoListV2.app */;
			productType = "com.apple.product-type.application";
		};
/* End PBXNativeTarget section */

/* Begin PBXProject section */
		18FBFDC824D07A8900C9C0CF /* Project object */ = {
			isa = PBXProject;
			attributes = {
				LastSwiftUpdateCheck = 1150;
				LastUpgradeCheck = 1150;
				ORGANIZATIONNAME = "Diana Solis";
				TargetAttributes = {
					18FBFDCF24D07A8900C9C0CF = {
						CreatedOnToolsVersion = 11.5;
					};
				};
			};
			buildConfigurationList = 18FBFDCB24D07A8900C9C0CF /* Build configuration list for PBXProject "toDoListV2" */;
			compatibilityVersion = "Xcode 9.3";
			developmentRegion = en;
			hasScannedForEncodings = 0;
			knownRegions = (
				en,
				Base,
			);
			mainGroup = 18FBFDC724D07A8900C9C0CF;
			productRefGroup = 18FBFDD124D07A8900C9C0CF /* Products */;
			projectDirPath = "";
			projectRoot = "";
			targets = (
				18FBFDCF24D07A8900C9C0CF /* toDoListV2 */,
			);
		};
/* End PBXProject section */

/* Begin PBXResourcesBuildPhase section */
		18FBFDCE24D07A8900C9C0CF /* Resources */ = {
			isa = PBXResourcesBuildPhase;
			buildActionMask = 2147483647;
			files = (
				18FBFDE324D07A8B00C9C0CF /* LaunchScreen.storyboard in Resources */,
				18FBFDE024D07A8B00C9C0CF /* Assets.xcassets in Resources */,
				18FBFDDB24D07A8900C9C0CF /* Main.storyboard in Resources */,
			);
			runOnlyForDeploymentPostprocessing = 0;
		};
/* End PBXResourcesBuildPhase section */

/* Begin PBXSourcesBuildPhase section */
		18FBFDCC24D07A8900C9C0CF /* Sources */ = {
			isa = PBXSourcesBuildPhase;
			buildActionMask = 2147483647;
			files = (
				18FBFDD824D07A8900C9C0CF /* ViewController.swift in Sources */,
				18FBFDDE24D07A8900C9C0CF /* toDoListV2.xcdatamodeld in Sources */,
				18FBFDD424D07A8900C9C0CF /* AppDelegate.swift in Sources */,
				18FBFDD624D07A8900C9C0CF /* SceneDelegate.swift in Sources */,
			);
			runOnlyForDeploymentPostprocessing = 0;
		};
/* End PBXSourcesBuildPhase section */

/* Begin PBXVariantGroup section */
		18FBFDD924D07A8900C9C0CF /* Main.storyboard */ = {
			isa = PBXVariantGroup;
			children = (
				18FBFDDA24D07A8900C9C0CF /* Base */,
			);
			name = Main.storyboard;
			sourceTree = "<group>";
		};
		18FBFDE124D07A8B00C9C0CF /* LaunchScreen.storyboard */ = {
			isa = PBXVariantGroup;
			children = (
				18FBFDE224D07A8B00C9C0CF /* Base */,
			);
			name = LaunchScreen.storyboard;
			sourceTree = "<group>";
		};
/* End PBXVariantGroup section */

/* Begin XCBuildConfiguration section */
		18FBFDE524D07A8B00C9C0CF /* Debug */ = {
			isa = XCBuildConfiguration;
			buildSettings = {
				ALWAYS_SEARCH_USER_PATHS = NO;
				CLANG_ANALYZER_NONNULL = YES;
				CLANG_ANALYZER_NUMBER_OBJECT_CONVERSION = YES_AGGRESSIVE;
				CLANG_CXX_LANGUAGE_STANDARD = "gnu++14";
				CLANG_CXX_LIBRARY = "libc++";
				CLANG_ENABLE_MODULES = YES;
				CLANG_ENABLE_OBJC_ARC = YES;
				CLANG_ENABLE_OBJC_WEAK = YES;
				CLANG_WARN_BLOCK_CAPTURE_AUTORELEASING = YES;
				CLANG_WARN_BOOL_CONVERSION = YES;
				CLANG_WARN_COMMA = YES;
				CLANG_WARN_CONSTANT_CONVERSION = YES;
				CLANG_WARN_DEPRECATED_OBJC_IMPLEMENTATIONS = YES;
				CLANG_WARN_DIRECT_OBJC_ISA_USAGE = YES_ERROR;
				CLANG_WARN_DOCUMENTATION_COMMENTS = YES;
				CLANG_WARN_EMPTY_BODY = YES;
				CLANG_WARN_ENUM_CONVERSION = YES;
				CLANG_WARN_INFINITE_RECURSION = YES;
				CLANG_WARN_INT_CONVERSION = YES;
				CLANG_WARN_NON_LITERAL_NULL_CONVERSION = YES;
				CLANG_WARN_OBJC_IMPLICIT_RETAIN_SELF = YES;
				CLANG_WARN_OBJC_LITERAL_CONVERSION = YES;
				CLANG_WARN_OBJC_ROOT_CLASS = YES_ERROR;
				CLANG_WARN_RANGE_LOOP_ANALYSIS = YES;
				CLANG_WARN_STRICT_PROTOTYPES = YES;
				CLANG_WARN_SUSPICIOUS_MOVE = YES;
				CLANG_WARN_UNGUARDED_AVAILABILITY = YES_AGGRESSIVE;
				CLANG_WARN_UNREACHABLE_CODE = YES;
				CLANG_WARN__DUPLICATE_METHOD_MATCH = YES;
				COPY_PHASE_STRIP = NO;
				DEBUG_INFORMATION_FORMAT = dwarf;
				ENABLE_STRICT_OBJC_MSGSEND = YES;
				ENABLE_TESTABILITY = YES;
				GCC_C_LANGUAGE_STANDARD = gnu11;
				GCC_DYNAMIC_NO_PIC = NO;
				GCC_NO_COMMON_BLOCKS = YES;
				GCC_OPTIMIZATION_LEVEL = 0;
				GCC_PREPROCESSOR_DEFINITIONS = (
					"DEBUG=1",
					"$(inherited)",
				);
				GCC_WARN_64_TO_32_BIT_CONVERSION = YES;
				GCC_WARN_ABOUT_RETURN_TYPE = YES_ERROR;
				GCC_WARN_UNDECLARED_SELECTOR = YES;
				GCC_WARN_UNINITIALIZED_AUTOS = YES_AGGRESSIVE;
				GCC_WARN_UNUSED_FUNCTION = YES;
				GCC_WARN_UNUSED_VARIABLE = YES;
				IPHONEOS_DEPLOYMENT_TARGET = 13.5;
				MTL_ENABLE_DEBUG_INFO = INCLUDE_SOURCE;
				MTL_FAST_MATH = YES;
				ONLY_ACTIVE_ARCH = YES;
				SDKROOT = iphoneos;
				SWIFT_ACTIVE_COMPILATION_CONDITIONS = DEBUG;
				SWIFT_OPTIMIZATION_LEVEL = "-Onone";
			};
			name = Debug;
		};
		18FBFDE624D07A8B00C9C0CF /* Release */ = {
			isa = XCBuildConfiguration;
			buildSettings = {
				ALWAYS_SEARCH_USER_PATHS = NO;
				CLANG_ANALYZER_NONNULL = YES;
				CLANG_ANALYZER_NUMBER_OBJECT_CONVERSION = YES_AGGRESSIVE;
				CLANG_CXX_LANGUAGE_STANDARD = "gnu++14";
				CLANG_CXX_LIBRARY = "libc++";
				CLANG_ENABLE_MODULES = YES;
				CLANG_ENABLE_OBJC_ARC = YES;
				CLANG_ENABLE_OBJC_WEAK = YES;
				CLANG_WARN_BLOCK_CAPTURE_AUTORELEASING = YES;
				CLANG_WARN_BOOL_CONVERSION = YES;
				CLANG_WARN_COMMA = YES;
				CLANG_WARN_CONSTANT_CONVERSION = YES;
				CLANG_WARN_DEPRECATED_OBJC_IMPLEMENTATIONS = YES;
				CLANG_WARN_DIRECT_OBJC_ISA_USAGE = YES_ERROR;
				CLANG_WARN_DOCUMENTATION_COMMENTS = YES;
				CLANG_WARN_EMPTY_BODY = YES;
				CLANG_WARN_ENUM_CONVERSION = YES;
				CLANG_WARN_INFINITE_RECURSION = YES;
				CLANG_WARN_INT_CONVERSION = YES;
				CLANG_WARN_NON_LITERAL_NULL_CONVERSION = YES;
				CLANG_WARN_OBJC_IMPLICIT_RETAIN_SELF = YES;
				CLANG_WARN_OBJC_LITERAL_CONVERSION = YES;
				CLANG_WARN_OBJC_ROOT_CLASS = YES_ERROR;
				CLANG_WARN_RANGE_LOOP_ANALYSIS = YES;
				CLANG_WARN_STRICT_PROTOTYPES = YES;
				CLANG_WARN_SUSPICIOUS_MOVE = YES;
				CLANG_WARN_UNGUARDED_AVAILABILITY = YES_AGGRESSIVE;
				CLANG_WARN_UNREACHABLE_CODE = YES;
				CLANG_WARN__DUPLICATE_METHOD_MATCH = YES;
				COPY_PHASE_STRIP = NO;
				DEBUG_INFORMATION_FORMAT = "dwarf-with-dsym";
				ENABLE_NS_ASSERTIONS = NO;
				ENABLE_STRICT_OBJC_MSGSEND = YES;
				GCC_C_LANGUAGE_STANDARD = gnu11;
				GCC_NO_COMMON_BLOCKS = YES;
				GCC_WARN_64_TO_32_BIT_CONVERSION = YES;
				GCC_WARN_ABOUT_RETURN_TYPE = YES_ERROR;
				GCC_WARN_UNDECLARED_SELECTOR = YES;
				GCC_WARN_UNINITIALIZED_AUTOS = YES_AGGRESSIVE;
				GCC_WARN_UNUSED_FUNCTION = YES;
				GCC_WARN_UNUSED_VARIABLE = YES;
				IPHONEOS_DEPLOYMENT_TARGET = 13.5;
				MTL_ENABLE_DEBUG_INFO = NO;
				MTL_FAST_MATH = YES;
				SDKROOT = iphoneos;
				SWIFT_COMPILATION_MODE = wholemodule;
				SWIFT_OPTIMIZATION_LEVEL = "-O";
				VALIDATE_PRODUCT = YES;
			};
			name = Release;
		};
		18FBFDE824D07A8B00C9C0CF /* Debug */ = {
			isa = XCBuildConfiguration;
			buildSettings = {
				ASSETCATALOG_COMPILER_APPICON_NAME = AppIcon;
				CODE_SIGN_STYLE = Automatic;
				DEVELOPMENT_TEAM = 2BV3N3N8GT;
				INFOPLIST_FILE = toDoListV2/Info.plist;
				LD_RUNPATH_SEARCH_PATHS = (
					"$(inherited)",
					"@executable_path/Frameworks",
				);
				PRODUCT_BUNDLE_IDENTIFIER = "Kode-with-Klossy.toDoListV2";
				PRODUCT_NAME = "$(TARGET_NAME)";
				SWIFT_VERSION = 5.0;
				TARGETED_DEVICE_FAMILY = "1,2";
			};
			name = Debug;
		};
		18FBFDE924D07A8B00C9C0CF /* Release */ = {
			isa = XCBuildConfiguration;
			buildSettings = {
				ASSETCATALOG_COMPILER_APPICON_NAME = AppIcon;
				CODE_SIGN_STYLE = Automatic;
				DEVELOPMENT_TEAM = 2BV3N3N8GT;
				INFOPLIST_FILE = toDoListV2/Info.plist;
				LD_RUNPATH_SEARCH_PATHS = (
					"$(inherited)",
					"@executable_path/Frameworks",
				);
				PRODUCT_BUNDLE_IDENTIFIER = "Kode-with-Klossy.toDoListV2";
				PRODUCT_NAME = "$(TARGET_NAME)";
				SWIFT_VERSION = 5.0;
				TARGETED_DEVICE_FAMILY = "1,2";
			};
			name = Release;
		};
/* End XCBuildConfiguration section */

/* Begin XCConfigurationList section */
		18FBFDCB24D07A8900C9C0CF /* Build configuration list for PBXProject "toDoListV2" */ = {
			isa = XCConfigurationList;
			buildConfigurations = (
				18FBFDE524D07A8B00C9C0CF /* Debug */,
				18FBFDE624D07A8B00C9C0CF /* Release */,
			);
			defaultConfigurationIsVisible = 0;
			defaultConfigurationName = Release;
		};
		18FBFDE724D07A8B00C9C0CF /* Build configuration list for PBXNativeTarget "toDoListV2" */ = {
			isa = XCConfigurationList;
			buildConfigurations = (
				18FBFDE824D07A8B00C9C0CF /* Debug */,
				18FBFDE924D07A8B00C9C0CF /* Release */,
			);
			defaultConfigurationIsVisible = 0;
			defaultConfigurationName = Release;
		};
/* End XCConfigurationList section */

/* Begin XCVersionGroup section */
		18FBFDDC24D07A8900C9C0CF /* toDoListV2.xcdatamodeld */ = {
			isa = XCVersionGroup;
			children = (
				18FBFDDD24D07A8900C9C0CF /* toDoListV2.xcdatamodel */,
			);
			currentVersion = 18FBFDDD24D07A8900C9C0CF /* toDoListV2.xcdatamodel */;
			path = toDoListV2.xcdatamodeld;
			sourceTree = "<group>";
			versionGroupType = wrapper.xcdatamodel;
		};
/* End XCVersionGroup section */
	};
	rootObject = 18FBFDC824D07A8900C9C0CF /* Project object */;
}
